PODS:
  - Alamofire (4.8.2)
  - SteviaLayout (4.5.0)
  - SwiftyJSON (5.0.0)

DEPENDENCIES:
  - Alamofire
  - SteviaLayout
  - SwiftyJSON

SPEC REPOS:
  https://github.com/cocoapods/specs.git:
    - Alamofire
    - SteviaLayout
    - SwiftyJSON

SPEC CHECKSUMS:
  Alamofire: ae5c501addb7afdbb13687d7f2f722c78734c2d3
  SteviaLayout: aa64a62810544348c9e328a6521cb9160fa82ec6
  SwiftyJSON: 36413e04c44ee145039d332b4f4e2d3e8d6c4db7

PODFILE CHECKSUM: c5c1f477f0fe23d9f5c261e1ad74c0d951bd70c3

COCOAPODS: 1.7.5
